<Solution>
  <Project Path="AudioGearTracker.Core/AudioGearTracker.Core.csproj" />
  <Project Path="AudioGearTracker.Infrastructure/AudioGearTracker.Infrastructure.csproj" />
  <Project Path="AudioGearTracker.Tests/AudioGearTracker.Tests.csproj" />
  <Project Path="AudioGearTracker/AudioGearTracker.csproj" />
</Solution>
